
Microsoft Visual Studio Solution File, Format Version 12.00
# Visual Studio 15
VisualStudioVersion = 15.0.26430.16
MinimumVisualStudioVersion = 10.0.40219.1
Project("{FAE04EC0-301F-11D3-BF4B-00C04F79EFBC}") = "ITP1_2_C", "ITP1_2_C\ITP1_2_C.csproj", "{B3C163C8-6CF0-44C2-86C1-352B6FA7FD52}"
EndProject
Project("{FAE04EC0-301F-11D3-BF4B-00C04F79EFBC}") = "ITP1_2_CTests", "ITP1_2_CTests\ITP1_2_CTests.csproj", "{F8620C1C-6973-4C5F-86F2-E4834121BEBE}"
EndProject
Global
	GlobalSection(SolutionConfigurationPlatforms) = preSolution
		Debug|Any CPU = Debug|Any CPU
		Release|Any CPU = Release|Any CPU
	EndGlobalSection
	GlobalSection(ProjectConfigurationPlatforms) = postSolution
		{B3C163C8-6CF0-44C2-86C1-352B6FA7FD52}.Debug|Any CPU.ActiveCfg = Debug|Any CPU
		{B3C163C8-6CF0-44C2-86C1-352B6FA7FD52}.Debug|Any CPU.Build.0 = Debug|Any CPU
		{B3C163C8-6CF0-44C2-86C1-352B6FA7FD52}.Release|Any CPU.ActiveCfg = Release|Any CPU
		{B3C163C8-6CF0-44C2-86C1-352B6FA7FD52}.Release|Any CPU.Build.0 = Release|Any CPU
		{F8620C1C-6973-4C5F-86F2-E4834121BEBE}.Debug|Any CPU.ActiveCfg = Debug|Any CPU
		{F8620C1C-6973-4C5F-86F2-E4834121BEBE}.Debug|Any CPU.Build.0 = Debug|Any CPU
		{F8620C1C-6973-4C5F-86F2-E4834121BEBE}.Release|Any CPU.ActiveCfg = Release|Any CPU
		{F8620C1C-6973-4C5F-86F2-E4834121BEBE}.Release|Any CPU.Build.0 = Release|Any CPU
	EndGlobalSection
	GlobalSection(SolutionProperties) = preSolution
		HideSolutionNode = FALSE
	EndGlobalSection
EndGlobal
