
Microsoft Visual Studio Solution File, Format Version 12.00
# Visual Studio 15
VisualStudioVersion = 15.0.26430.16
MinimumVisualStudioVersion = 10.0.40219.1
Project("{FAE04EC0-301F-11D3-BF4B-00C04F79EFBC}") = "ITP1_3_C", "ITP1_3_C\ITP1_3_C.csproj", "{FE712C9D-E6C2-4B89-B9B0-65050A0347FB}"
EndProject
Project("{FAE04EC0-301F-11D3-BF4B-00C04F79EFBC}") = "ITP1_3_CTests", "ITP1_3_CTests\ITP1_3_CTests.csproj", "{873D2508-CDAB-4CC0-B6BD-9AC1BD460A7C}"
EndProject
Global
	GlobalSection(SolutionConfigurationPlatforms) = preSolution
		Debug|Any CPU = Debug|Any CPU
		Release|Any CPU = Release|Any CPU
	EndGlobalSection
	GlobalSection(ProjectConfigurationPlatforms) = postSolution
		{FE712C9D-E6C2-4B89-B9B0-65050A0347FB}.Debug|Any CPU.ActiveCfg = Debug|Any CPU
		{FE712C9D-E6C2-4B89-B9B0-65050A0347FB}.Debug|Any CPU.Build.0 = Debug|Any CPU
		{FE712C9D-E6C2-4B89-B9B0-65050A0347FB}.Release|Any CPU.ActiveCfg = Release|Any CPU
		{FE712C9D-E6C2-4B89-B9B0-65050A0347FB}.Release|Any CPU.Build.0 = Release|Any CPU
		{873D2508-CDAB-4CC0-B6BD-9AC1BD460A7C}.Debug|Any CPU.ActiveCfg = Debug|Any CPU
		{873D2508-CDAB-4CC0-B6BD-9AC1BD460A7C}.Debug|Any CPU.Build.0 = Debug|Any CPU
		{873D2508-CDAB-4CC0-B6BD-9AC1BD460A7C}.Release|Any CPU.ActiveCfg = Release|Any CPU
		{873D2508-CDAB-4CC0-B6BD-9AC1BD460A7C}.Release|Any CPU.Build.0 = Release|Any CPU
	EndGlobalSection
	GlobalSection(SolutionProperties) = preSolution
		HideSolutionNode = FALSE
	EndGlobalSection
EndGlobal
